
Microsoft Visual Studio Solution File, Format Version 12.00
# Visual Studio Version 17
VisualStudioVersion = 17.14.36518.9
MinimumVisualStudioVersion = 10.0.40219.1
Project("{FAE04EC0-301F-11D3-BF4B-00C04F79EFBC}") = "Banco_Sol_Gestion_Financiera", "Banco_Sol_Gestion_Financiera\Banco_Sol_Gestion_Financiera.csproj", "{179A9946-62D7-4EDA-9E0C-636DDB7472E0}"
EndProject
Project("{FAE04EC0-301F-11D3-BF4B-00C04F79EFBC}") = "Banco_Sol_Gestion_Financiera.Tests", "Banco_Sol_Gestion_Financiera.Tests\Banco_Sol_Gestion_Financiera.Tests.csproj", "{15456281-0E34-4149-A1EC-DFF152A32F71}"
EndProject
Global
	GlobalSection(SolutionConfigurationPlatforms) = preSolution
		Debug|Any CPU = Debug|Any CPU
		Release|Any CPU = Release|Any CPU
	EndGlobalSection
	GlobalSection(ProjectConfigurationPlatforms) = postSolution
		{179A9946-62D7-4EDA-9E0C-636DDB7472E0}.Debug|Any CPU.ActiveCfg = Debug|Any CPU
		{179A9946-62D7-4EDA-9E0C-636DDB7472E0}.Debug|Any CPU.Build.0 = Debug|Any CPU
		{179A9946-62D7-4EDA-9E0C-636DDB7472E0}.Release|Any CPU.ActiveCfg = Release|Any CPU
		{179A9946-62D7-4EDA-9E0C-636DDB7472E0}.Release|Any CPU.Build.0 = Release|Any CPU
		{15456281-0E34-4149-A1EC-DFF152A32F71}.Debug|Any CPU.ActiveCfg = Debug|Any CPU
		{15456281-0E34-4149-A1EC-DFF152A32F71}.Debug|Any CPU.Build.0 = Debug|Any CPU
		{15456281-0E34-4149-A1EC-DFF152A32F71}.Release|Any CPU.ActiveCfg = Release|Any CPU
		{15456281-0E34-4149-A1EC-DFF152A32F71}.Release|Any CPU.Build.0 = Release|Any CPU
	EndGlobalSection
	GlobalSection(SolutionProperties) = preSolution
		HideSolutionNode = FALSE
	EndGlobalSection
	GlobalSection(ExtensibilityGlobals) = postSolution
		SolutionGuid = {D448421E-A00D-4A12-AD88-235763DA74F2}
	EndGlobalSection
EndGlobal
